
Microsoft Visual Studio Solution File, Format Version 12.00
# Visual Studio 15
VisualStudioVersion = 15.0.26430.14
MinimumVisualStudioVersion = 10.0.40219.1
Project("{8BC9CEB8-8B4A-11D0-8D11-00A0C91BC942}") = "BinseqLib", "BinseqLib\BinseqLib.vcxproj", "{6B23C0D2-0A1B-4F79-9454-DAF854102F26}"
EndProject
Project("{8BC9CEB8-8B4A-11D0-8D11-00A0C91BC942}") = "CarbonCoreLib", "CarbonCoreLib\CarbonCoreLib.vcxproj", "{EFF64ADF-7506-4BCC-B7DE-AC55EC67A06D}"
EndProject
Project("{8BC9CEB8-8B4A-11D0-8D11-00A0C91BC942}") = "CarbonCompilerLib", "CarbonCompilerLib\CarbonCompilerLib.vcxproj", "{94257869-53AD-4393-B644-FB26FD47684C}"
EndProject
Project("{2150E333-8FDC-42A3-9474-1A3956D46DE8}") = "Modules", "Modules", "{E087E357-78CF-4025-B0DB-A34DD9B858C1}"
EndProject
Project("{2150E333-8FDC-42A3-9474-1A3956D46DE8}") = "Test", "Test", "{3D92CCA3-9C3B-461B-BF4B-C1DEFAF1EDFA}"
EndProject
Project("{8BC9CEB8-8B4A-11D0-8D11-00A0C91BC942}") = "CarbonCommonLib", "CarbonCommonLib\CarbonCommonLib.vcxproj", "{F8BE3744-AE79-4846-9C99-C82547C2D9B3}"
EndProject
Project("{2150E333-8FDC-42A3-9474-1A3956D46DE8}") = "Carbon", "Carbon", "{8E943C1E-9EFA-4380-ADB2-D6F1DCA6A300}"
EndProject
Project("{2150E333-8FDC-42A3-9474-1A3956D46DE8}") = "Applications", "Applications", "{C6DF78EA-FFC4-441E-B1FA-AD9A9A98DDB8}"
EndProject
Project("{8BC9CEB8-8B4A-11D0-8D11-00A0C91BC942}") = "Console", "Console\Console.vcxproj", "{556E1E5D-159A-451E-9917-164B11257BEF}"
EndProject
Project("{8BC9CEB8-8B4A-11D0-8D11-00A0C91BC942}") = "UnitTestCarbonCompilerLib", "UnitTestCarbonCompilerLib\UnitTestCarbonCompilerLib.vcxproj", "{638921CA-556B-41DE-94FB-ED034CDEEF4C}"
EndProject
Project("{8BC9CEB8-8B4A-11D0-8D11-00A0C91BC942}") = "UnitTestBinseqLib", "UnitTestBinseqLib\UnitTestBinseqLib.vcxproj", "{24646A82-48C3-42BB-9222-EFB3C02FAC35}"
EndProject
Project("{2150E333-8FDC-42A3-9474-1A3956D46DE8}") = "Solution Items", "Solution Items", "{8B5A490A-7F43-46AB-9FA8-47C71E597FB7}"
	ProjectSection(SolutionItems) = preProject
		LICENSE.txt = LICENSE.txt
	EndProjectSection
EndProject
Global
	GlobalSection(SolutionConfigurationPlatforms) = preSolution
		Debug|Any CPU = Debug|Any CPU
		Debug|x64 = Debug|x64
		Debug|x86 = Debug|x86
		Release|Any CPU = Release|Any CPU
		Release|x64 = Release|x64
		Release|x86 = Release|x86
	EndGlobalSection
	GlobalSection(ProjectConfigurationPlatforms) = postSolution
		{6B23C0D2-0A1B-4F79-9454-DAF854102F26}.Debug|Any CPU.ActiveCfg = Debug|Win32
		{6B23C0D2-0A1B-4F79-9454-DAF854102F26}.Debug|Any CPU.Build.0 = Debug|Win32
		{6B23C0D2-0A1B-4F79-9454-DAF854102F26}.Debug|x64.ActiveCfg = Debug|Win32
		{6B23C0D2-0A1B-4F79-9454-DAF854102F26}.Debug|x86.ActiveCfg = Debug|Win32
		{6B23C0D2-0A1B-4F79-9454-DAF854102F26}.Debug|x86.Build.0 = Debug|Win32
		{6B23C0D2-0A1B-4F79-9454-DAF854102F26}.Release|Any CPU.ActiveCfg = Release|Win32
		{6B23C0D2-0A1B-4F79-9454-DAF854102F26}.Release|Any CPU.Build.0 = Release|Win32
		{6B23C0D2-0A1B-4F79-9454-DAF854102F26}.Release|x64.ActiveCfg = Release|x64
		{6B23C0D2-0A1B-4F79-9454-DAF854102F26}.Release|x86.ActiveCfg = Release|Win32
		{6B23C0D2-0A1B-4F79-9454-DAF854102F26}.Release|x86.Build.0 = Release|Win32
		{EFF64ADF-7506-4BCC-B7DE-AC55EC67A06D}.Debug|Any CPU.ActiveCfg = Debug|Win32
		{EFF64ADF-7506-4BCC-B7DE-AC55EC67A06D}.Debug|Any CPU.Build.0 = Debug|Win32
		{EFF64ADF-7506-4BCC-B7DE-AC55EC67A06D}.Debug|x64.ActiveCfg = Debug|Win32
		{EFF64ADF-7506-4BCC-B7DE-AC55EC67A06D}.Debug|x86.ActiveCfg = Debug|Win32
		{EFF64ADF-7506-4BCC-B7DE-AC55EC67A06D}.Debug|x86.Build.0 = Debug|Win32
		{EFF64ADF-7506-4BCC-B7DE-AC55EC67A06D}.Release|Any CPU.ActiveCfg = Release|Win32
		{EFF64ADF-7506-4BCC-B7DE-AC55EC67A06D}.Release|Any CPU.Build.0 = Release|Win32
		{EFF64ADF-7506-4BCC-B7DE-AC55EC67A06D}.Release|x64.ActiveCfg = Release|x64
		{EFF64ADF-7506-4BCC-B7DE-AC55EC67A06D}.Release|x86.ActiveCfg = Release|Win32
		{EFF64ADF-7506-4BCC-B7DE-AC55EC67A06D}.Release|x86.Build.0 = Release|Win32
		{94257869-53AD-4393-B644-FB26FD47684C}.Debug|Any CPU.ActiveCfg = Debug|Win32
		{94257869-53AD-4393-B644-FB26FD47684C}.Debug|Any CPU.Build.0 = Debug|Win32
		{94257869-53AD-4393-B644-FB26FD47684C}.Debug|x64.ActiveCfg = Debug|x64
		{94257869-53AD-4393-B644-FB26FD47684C}.Debug|x64.Build.0 = Debug|x64
		{94257869-53AD-4393-B644-FB26FD47684C}.Debug|x86.ActiveCfg = Debug|Win32
		{94257869-53AD-4393-B644-FB26FD47684C}.Debug|x86.Build.0 = Debug|Win32
		{94257869-53AD-4393-B644-FB26FD47684C}.Release|Any CPU.ActiveCfg = Release|Win32
		{94257869-53AD-4393-B644-FB26FD47684C}.Release|Any CPU.Build.0 = Release|Win32
		{94257869-53AD-4393-B644-FB26FD47684C}.Release|x64.ActiveCfg = Release|x64
		{94257869-53AD-4393-B644-FB26FD47684C}.Release|x64.Build.0 = Release|x64
		{94257869-53AD-4393-B644-FB26FD47684C}.Release|x86.ActiveCfg = Release|Win32
		{94257869-53AD-4393-B644-FB26FD47684C}.Release|x86.Build.0 = Release|Win32
		{F8BE3744-AE79-4846-9C99-C82547C2D9B3}.Debug|Any CPU.ActiveCfg = Debug|Win32
		{F8BE3744-AE79-4846-9C99-C82547C2D9B3}.Debug|Any CPU.Build.0 = Debug|Win32
		{F8BE3744-AE79-4846-9C99-C82547C2D9B3}.Debug|x64.ActiveCfg = Debug|x64
		{F8BE3744-AE79-4846-9C99-C82547C2D9B3}.Debug|x64.Build.0 = Debug|x64
		{F8BE3744-AE79-4846-9C99-C82547C2D9B3}.Debug|x86.ActiveCfg = Debug|Win32
		{F8BE3744-AE79-4846-9C99-C82547C2D9B3}.Debug|x86.Build.0 = Debug|Win32
		{F8BE3744-AE79-4846-9C99-C82547C2D9B3}.Release|Any CPU.ActiveCfg = Release|Win32
		{F8BE3744-AE79-4846-9C99-C82547C2D9B3}.Release|Any CPU.Build.0 = Release|Win32
		{F8BE3744-AE79-4846-9C99-C82547C2D9B3}.Release|x64.ActiveCfg = Release|x64
		{F8BE3744-AE79-4846-9C99-C82547C2D9B3}.Release|x64.Build.0 = Release|x64
		{F8BE3744-AE79-4846-9C99-C82547C2D9B3}.Release|x86.ActiveCfg = Release|Win32
		{F8BE3744-AE79-4846-9C99-C82547C2D9B3}.Release|x86.Build.0 = Release|Win32
		{556E1E5D-159A-451E-9917-164B11257BEF}.Debug|Any CPU.ActiveCfg = Debug|Win32
		{556E1E5D-159A-451E-9917-164B11257BEF}.Debug|Any CPU.Build.0 = Debug|Win32
		{556E1E5D-159A-451E-9917-164B11257BEF}.Debug|x64.ActiveCfg = Debug|x64
		{556E1E5D-159A-451E-9917-164B11257BEF}.Debug|x64.Build.0 = Debug|x64
		{556E1E5D-159A-451E-9917-164B11257BEF}.Debug|x86.ActiveCfg = Debug|Win32
		{556E1E5D-159A-451E-9917-164B11257BEF}.Debug|x86.Build.0 = Debug|Win32
		{556E1E5D-159A-451E-9917-164B11257BEF}.Release|Any CPU.ActiveCfg = Release|Win32
		{556E1E5D-159A-451E-9917-164B11257BEF}.Release|Any CPU.Build.0 = Release|Win32
		{556E1E5D-159A-451E-9917-164B11257BEF}.Release|x64.ActiveCfg = Release|x64
		{556E1E5D-159A-451E-9917-164B11257BEF}.Release|x64.Build.0 = Release|x64
		{556E1E5D-159A-451E-9917-164B11257BEF}.Release|x86.ActiveCfg = Release|Win32
		{556E1E5D-159A-451E-9917-164B11257BEF}.Release|x86.Build.0 = Release|Win32
		{638921CA-556B-41DE-94FB-ED034CDEEF4C}.Debug|Any CPU.ActiveCfg = Debug|Win32
		{638921CA-556B-41DE-94FB-ED034CDEEF4C}.Debug|Any CPU.Build.0 = Debug|Win32
		{638921CA-556B-41DE-94FB-ED034CDEEF4C}.Debug|x64.ActiveCfg = Debug|x64
		{638921CA-556B-41DE-94FB-ED034CDEEF4C}.Debug|x64.Build.0 = Debug|x64
		{638921CA-556B-41DE-94FB-ED034CDEEF4C}.Debug|x86.ActiveCfg = Debug|Win32
		{638921CA-556B-41DE-94FB-ED034CDEEF4C}.Debug|x86.Build.0 = Debug|Win32
		{638921CA-556B-41DE-94FB-ED034CDEEF4C}.Release|Any CPU.ActiveCfg = Release|Win32
		{638921CA-556B-41DE-94FB-ED034CDEEF4C}.Release|Any CPU.Build.0 = Release|Win32
		{638921CA-556B-41DE-94FB-ED034CDEEF4C}.Release|x64.ActiveCfg = Release|x64
		{638921CA-556B-41DE-94FB-ED034CDEEF4C}.Release|x64.Build.0 = Release|x64
		{638921CA-556B-41DE-94FB-ED034CDEEF4C}.Release|x86.ActiveCfg = Release|Win32
		{638921CA-556B-41DE-94FB-ED034CDEEF4C}.Release|x86.Build.0 = Release|Win32
		{24646A82-48C3-42BB-9222-EFB3C02FAC35}.Debug|Any CPU.ActiveCfg = Debug|Win32
		{24646A82-48C3-42BB-9222-EFB3C02FAC35}.Debug|Any CPU.Build.0 = Debug|Win32
		{24646A82-48C3-42BB-9222-EFB3C02FAC35}.Debug|x64.ActiveCfg = Debug|x64
		{24646A82-48C3-42BB-9222-EFB3C02FAC35}.Debug|x64.Build.0 = Debug|x64
		{24646A82-48C3-42BB-9222-EFB3C02FAC35}.Debug|x86.ActiveCfg = Debug|Win32
		{24646A82-48C3-42BB-9222-EFB3C02FAC35}.Debug|x86.Build.0 = Debug|Win32
		{24646A82-48C3-42BB-9222-EFB3C02FAC35}.Release|Any CPU.ActiveCfg = Release|Win32
		{24646A82-48C3-42BB-9222-EFB3C02FAC35}.Release|Any CPU.Build.0 = Release|Win32
		{24646A82-48C3-42BB-9222-EFB3C02FAC35}.Release|x64.ActiveCfg = Release|x64
		{24646A82-48C3-42BB-9222-EFB3C02FAC35}.Release|x64.Build.0 = Release|x64
		{24646A82-48C3-42BB-9222-EFB3C02FAC35}.Release|x86.ActiveCfg = Release|Win32
		{24646A82-48C3-42BB-9222-EFB3C02FAC35}.Release|x86.Build.0 = Release|Win32
	EndGlobalSection
	GlobalSection(SolutionProperties) = preSolution
		HideSolutionNode = FALSE
	EndGlobalSection
	GlobalSection(NestedProjects) = preSolution
		{6B23C0D2-0A1B-4F79-9454-DAF854102F26} = {E087E357-78CF-4025-B0DB-A34DD9B858C1}
		{EFF64ADF-7506-4BCC-B7DE-AC55EC67A06D} = {8E943C1E-9EFA-4380-ADB2-D6F1DCA6A300}
		{94257869-53AD-4393-B644-FB26FD47684C} = {8E943C1E-9EFA-4380-ADB2-D6F1DCA6A300}
		{F8BE3744-AE79-4846-9C99-C82547C2D9B3} = {8E943C1E-9EFA-4380-ADB2-D6F1DCA6A300}
		{556E1E5D-159A-451E-9917-164B11257BEF} = {C6DF78EA-FFC4-441E-B1FA-AD9A9A98DDB8}
		{638921CA-556B-41DE-94FB-ED034CDEEF4C} = {3D92CCA3-9C3B-461B-BF4B-C1DEFAF1EDFA}
		{24646A82-48C3-42BB-9222-EFB3C02FAC35} = {3D92CCA3-9C3B-461B-BF4B-C1DEFAF1EDFA}
	EndGlobalSection
	GlobalSection(ExtensibilityGlobals) = postSolution
		SolutionGuid = {11DED8F6-642B-469F-8859-31AD8874B845}
	EndGlobalSection
EndGlobal
