
Microsoft Visual Studio Solution File, Format Version 11.00
# Visual Studio 2010
Project("{8BC9CEB8-8B4A-11D0-8D11-00A0C91BC942}") = "binseq_interpreter", "binseq_interpreter\binseq_interpreter.vcxproj", "{EFF64ADF-7506-4BCC-B7DE-AC55EC67A06D}"
EndProject
Project("{8BC9CEB8-8B4A-11D0-8D11-00A0C91BC942}") = "binseq_lib", "binseq_lib\binseq_lib.vcxproj", "{6B23C0D2-0A1B-4F79-9454-DAF854102F26}"
EndProject
Project("{8BC9CEB8-8B4A-11D0-8D11-00A0C91BC942}") = "test_binseq_lib", "test_binseq_lib\test_binseq_lib.vcxproj", "{DF3ADC4D-8796-472B-8101-1B337F0199DB}"
	ProjectSection(ProjectDependencies) = postProject
		{6B23C0D2-0A1B-4F79-9454-DAF854102F26} = {6B23C0D2-0A1B-4F79-9454-DAF854102F26}
	EndProjectSection
EndProject
Project("{F088123C-0E9E-452A-89E6-6BA2F21D5CAC}") = "modeling", "modeling\modeling.modelproj", "{02EB8E79-39B0-4433-99A3-D485CE15A8F5}"
EndProject
Global
	GlobalSection(SolutionConfigurationPlatforms) = preSolution
		Debug|Any CPU = Debug|Any CPU
		Debug|Mixed Platforms = Debug|Mixed Platforms
		Debug|Win32 = Debug|Win32
		Release|Any CPU = Release|Any CPU
		Release|Mixed Platforms = Release|Mixed Platforms
		Release|Win32 = Release|Win32
	EndGlobalSection
	GlobalSection(ProjectConfigurationPlatforms) = postSolution
		{EFF64ADF-7506-4BCC-B7DE-AC55EC67A06D}.Debug|Any CPU.ActiveCfg = Debug|Win32
		{EFF64ADF-7506-4BCC-B7DE-AC55EC67A06D}.Debug|Mixed Platforms.ActiveCfg = Debug|Win32
		{EFF64ADF-7506-4BCC-B7DE-AC55EC67A06D}.Debug|Mixed Platforms.Build.0 = Debug|Win32
		{EFF64ADF-7506-4BCC-B7DE-AC55EC67A06D}.Debug|Win32.ActiveCfg = Debug|Win32
		{EFF64ADF-7506-4BCC-B7DE-AC55EC67A06D}.Debug|Win32.Build.0 = Debug|Win32
		{EFF64ADF-7506-4BCC-B7DE-AC55EC67A06D}.Release|Any CPU.ActiveCfg = Release|Win32
		{EFF64ADF-7506-4BCC-B7DE-AC55EC67A06D}.Release|Mixed Platforms.ActiveCfg = Release|Win32
		{EFF64ADF-7506-4BCC-B7DE-AC55EC67A06D}.Release|Mixed Platforms.Build.0 = Release|Win32
		{EFF64ADF-7506-4BCC-B7DE-AC55EC67A06D}.Release|Win32.ActiveCfg = Release|Win32
		{EFF64ADF-7506-4BCC-B7DE-AC55EC67A06D}.Release|Win32.Build.0 = Release|Win32
		{6B23C0D2-0A1B-4F79-9454-DAF854102F26}.Debug|Any CPU.ActiveCfg = Debug|Win32
		{6B23C0D2-0A1B-4F79-9454-DAF854102F26}.Debug|Mixed Platforms.ActiveCfg = Debug|Win32
		{6B23C0D2-0A1B-4F79-9454-DAF854102F26}.Debug|Mixed Platforms.Build.0 = Debug|Win32
		{6B23C0D2-0A1B-4F79-9454-DAF854102F26}.Debug|Win32.ActiveCfg = Debug|Win32
		{6B23C0D2-0A1B-4F79-9454-DAF854102F26}.Debug|Win32.Build.0 = Debug|Win32
		{6B23C0D2-0A1B-4F79-9454-DAF854102F26}.Release|Any CPU.ActiveCfg = Release|Win32
		{6B23C0D2-0A1B-4F79-9454-DAF854102F26}.Release|Mixed Platforms.ActiveCfg = Release|Win32
		{6B23C0D2-0A1B-4F79-9454-DAF854102F26}.Release|Mixed Platforms.Build.0 = Release|Win32
		{6B23C0D2-0A1B-4F79-9454-DAF854102F26}.Release|Win32.ActiveCfg = Release|Win32
		{6B23C0D2-0A1B-4F79-9454-DAF854102F26}.Release|Win32.Build.0 = Release|Win32
		{DF3ADC4D-8796-472B-8101-1B337F0199DB}.Debug|Any CPU.ActiveCfg = Debug|Win32
		{DF3ADC4D-8796-472B-8101-1B337F0199DB}.Debug|Mixed Platforms.ActiveCfg = Debug|Win32
		{DF3ADC4D-8796-472B-8101-1B337F0199DB}.Debug|Mixed Platforms.Build.0 = Debug|Win32
		{DF3ADC4D-8796-472B-8101-1B337F0199DB}.Debug|Win32.ActiveCfg = Debug|Win32
		{DF3ADC4D-8796-472B-8101-1B337F0199DB}.Debug|Win32.Build.0 = Debug|Win32
		{DF3ADC4D-8796-472B-8101-1B337F0199DB}.Release|Any CPU.ActiveCfg = Release|Win32
		{DF3ADC4D-8796-472B-8101-1B337F0199DB}.Release|Mixed Platforms.ActiveCfg = Release|Win32
		{DF3ADC4D-8796-472B-8101-1B337F0199DB}.Release|Mixed Platforms.Build.0 = Release|Win32
		{DF3ADC4D-8796-472B-8101-1B337F0199DB}.Release|Win32.ActiveCfg = Release|Win32
		{DF3ADC4D-8796-472B-8101-1B337F0199DB}.Release|Win32.Build.0 = Release|Win32
		{02EB8E79-39B0-4433-99A3-D485CE15A8F5}.Debug|Any CPU.ActiveCfg = Debug|Any CPU
		{02EB8E79-39B0-4433-99A3-D485CE15A8F5}.Debug|Any CPU.Build.0 = Debug|Any CPU
		{02EB8E79-39B0-4433-99A3-D485CE15A8F5}.Debug|Mixed Platforms.ActiveCfg = Debug|Any CPU
		{02EB8E79-39B0-4433-99A3-D485CE15A8F5}.Debug|Mixed Platforms.Build.0 = Debug|Any CPU
		{02EB8E79-39B0-4433-99A3-D485CE15A8F5}.Debug|Win32.ActiveCfg = Debug|Any CPU
		{02EB8E79-39B0-4433-99A3-D485CE15A8F5}.Release|Any CPU.ActiveCfg = Release|Any CPU
		{02EB8E79-39B0-4433-99A3-D485CE15A8F5}.Release|Any CPU.Build.0 = Release|Any CPU
		{02EB8E79-39B0-4433-99A3-D485CE15A8F5}.Release|Mixed Platforms.ActiveCfg = Release|Any CPU
		{02EB8E79-39B0-4433-99A3-D485CE15A8F5}.Release|Mixed Platforms.Build.0 = Release|Any CPU
		{02EB8E79-39B0-4433-99A3-D485CE15A8F5}.Release|Win32.ActiveCfg = Release|Any CPU
	EndGlobalSection
	GlobalSection(SolutionProperties) = preSolution
		HideSolutionNode = FALSE
	EndGlobalSection
EndGlobal
